<?xml version="1.0" encoding="utf-8"?>
<Project ToolsVersion="18.0" xmlns="http://schemas.microsoft.com/developer/msbuild/2003">
  <ItemGroup>
    <ClCompile Include="C:\Users\Mikey\OneDrive\Desktop\CSCE 441 A1\src\Image.cpp">
      <Filter>Source Files</Filter>
    </ClCompile>
    <ClCompile Include="C:\Users\Mikey\OneDrive\Desktop\CSCE 441 A1\src\main.cpp">
      <Filter>Source Files</Filter>
    </ClCompile>
  </ItemGroup>
  <ItemGroup>
    <ClInclude Include="C:\Users\Mikey\OneDrive\Desktop\CSCE 441 A1\src\Image.h">
      <Filter>Header Files</Filter>
    </ClInclude>
    <ClInclude Include="C:\Users\Mikey\OneDrive\Desktop\CSCE 441 A1\src\stb_image_write.h">
      <Filter>Header Files</Filter>
    </ClInclude>
    <ClInclude Include="C:\Users\Mikey\OneDrive\Desktop\CSCE 441 A1\src\tiny_obj_loader.h">
      <Filter>Header Files</Filter>
    </ClInclude>
  </ItemGroup>
  <ItemGroup>
    <CustomBuild Include="C:\Users\Mikey\OneDrive\Desktop\CSCE 441 A1\CMakeLists.txt" />
  </ItemGroup>
  <ItemGroup>
    <Filter Include="Header Files">
      <UniqueIdentifier>{F03F4FDE-8CDE-30AE-A75A-2FEA22C0FCEB}</UniqueIdentifier>
    </Filter>
    <Filter Include="Source Files">
      <UniqueIdentifier>{C242574B-973E-383C-9B8D-61BC8D64DFA7}</UniqueIdentifier>
    </Filter>
  </ItemGroup>
</Project>
