<?xml version="1.0" encoding="utf-8"?>
<Project ToolsVersion="18.0" xmlns="http://schemas.microsoft.com/developer/msbuild/2003">
  <ItemGroup>
    <CustomBuild Include="C:\Users\Mikey\OneDrive\Desktop\CSCE 441 A1\CMakeFiles\3f7ad2bc1a44d315e2cc60b10f79bfaf\generate.stamp.rule">
      <Filter>CMake Rules</Filter>
    </CustomBuild>
  </ItemGroup>
  <ItemGroup>
    <Filter Include="CMake Rules">
      <UniqueIdentifier>{9163D2DA-E493-3596-BDD5-16159BF8B64D}</UniqueIdentifier>
    </Filter>
  </ItemGroup>
</Project>
